
Microsoft Visual Studio Solution File, Format Version 12.00
# Visual Studio 14
VisualStudioVersion = 14.0.25420.1
MinimumVisualStudioVersion = 10.0.40219.1
Project("{FAE04EC0-301F-11D3-BF4B-00C04F79EFBC}") = "PocSPBBot", "PocSPBBot\PocSPBBot.csproj", "{A8BA1066-5695-4D71-ABB4-65E5A5E0C3D4}"
EndProject
Project("{2150E333-8FDC-42A3-9474-1A3956D46DE8}") = "Test", "Test", "{7BD23001-A061-4FA3-B23F-C6F0E5745257}"
EndProject
Project("{FAE04EC0-301F-11D3-BF4B-00C04F79EFBC}") = "UnitTestPocSPBBot", "UnitTestProject1\UnitTestPocSPBBot.csproj", "{35017FC7-084A-4E37-84C8-4A249038D0B9}"
EndProject
Project("{2150E333-8FDC-42A3-9474-1A3956D46DE8}") = "Services", "Services", "{755D5E35-F760-45F2-A549-F24D3C999957}"
EndProject
Project("{2150E333-8FDC-42A3-9474-1A3956D46DE8}") = "Bot", "Bot", "{EA8039B7-FF3E-4FEF-89A1-FF846B231484}"
EndProject
Project("{FAE04EC0-301F-11D3-BF4B-00C04F79EFBC}") = "EV.Cognitives.Services.Tests", "EV.Cognitives.Services.Tests\EV.Cognitives.Services.Tests.csproj", "{C49EC580-0EE7-43BC-8F45-971E75BECDC0}"
EndProject
Project("{FAE04EC0-301F-11D3-BF4B-00C04F79EFBC}") = "EV.Cognitives.Services", "EV.Cognitives.Services\EV.Cognitives.Services.csproj", "{51D0FECB-262E-4E2D-8A5C-1D8F59AECB54}"
EndProject
Global
	GlobalSection(SolutionConfigurationPlatforms) = preSolution
		Debug|Any CPU = Debug|Any CPU
		Debug|ARM = Debug|ARM
		Debug|x64 = Debug|x64
		Debug|x86 = Debug|x86
		Release|Any CPU = Release|Any CPU
		Release|ARM = Release|ARM
		Release|x64 = Release|x64
		Release|x86 = Release|x86
	EndGlobalSection
	GlobalSection(ProjectConfigurationPlatforms) = postSolution
		{A8BA1066-5695-4D71-ABB4-65E5A5E0C3D4}.Debug|Any CPU.ActiveCfg = Debug|Any CPU
		{A8BA1066-5695-4D71-ABB4-65E5A5E0C3D4}.Debug|Any CPU.Build.0 = Debug|Any CPU
		{A8BA1066-5695-4D71-ABB4-65E5A5E0C3D4}.Debug|ARM.ActiveCfg = Debug|Any CPU
		{A8BA1066-5695-4D71-ABB4-65E5A5E0C3D4}.Debug|ARM.Build.0 = Debug|Any CPU
		{A8BA1066-5695-4D71-ABB4-65E5A5E0C3D4}.Debug|x64.ActiveCfg = Debug|Any CPU
		{A8BA1066-5695-4D71-ABB4-65E5A5E0C3D4}.Debug|x64.Build.0 = Debug|Any CPU
		{A8BA1066-5695-4D71-ABB4-65E5A5E0C3D4}.Debug|x86.ActiveCfg = Debug|Any CPU
		{A8BA1066-5695-4D71-ABB4-65E5A5E0C3D4}.Debug|x86.Build.0 = Debug|Any CPU
		{A8BA1066-5695-4D71-ABB4-65E5A5E0C3D4}.Release|Any CPU.ActiveCfg = Release|Any CPU
		{A8BA1066-5695-4D71-ABB4-65E5A5E0C3D4}.Release|Any CPU.Build.0 = Release|Any CPU
		{A8BA1066-5695-4D71-ABB4-65E5A5E0C3D4}.Release|ARM.ActiveCfg = Release|Any CPU
		{A8BA1066-5695-4D71-ABB4-65E5A5E0C3D4}.Release|ARM.Build.0 = Release|Any CPU
		{A8BA1066-5695-4D71-ABB4-65E5A5E0C3D4}.Release|x64.ActiveCfg = Release|Any CPU
		{A8BA1066-5695-4D71-ABB4-65E5A5E0C3D4}.Release|x64.Build.0 = Release|Any CPU
		{A8BA1066-5695-4D71-ABB4-65E5A5E0C3D4}.Release|x86.ActiveCfg = Release|Any CPU
		{A8BA1066-5695-4D71-ABB4-65E5A5E0C3D4}.Release|x86.Build.0 = Release|Any CPU
		{35017FC7-084A-4E37-84C8-4A249038D0B9}.Debug|Any CPU.ActiveCfg = Debug|Any CPU
		{35017FC7-084A-4E37-84C8-4A249038D0B9}.Debug|Any CPU.Build.0 = Debug|Any CPU
		{35017FC7-084A-4E37-84C8-4A249038D0B9}.Debug|ARM.ActiveCfg = Debug|Any CPU
		{35017FC7-084A-4E37-84C8-4A249038D0B9}.Debug|ARM.Build.0 = Debug|Any CPU
		{35017FC7-084A-4E37-84C8-4A249038D0B9}.Debug|x64.ActiveCfg = Debug|Any CPU
		{35017FC7-084A-4E37-84C8-4A249038D0B9}.Debug|x64.Build.0 = Debug|Any CPU
		{35017FC7-084A-4E37-84C8-4A249038D0B9}.Debug|x86.ActiveCfg = Debug|Any CPU
		{35017FC7-084A-4E37-84C8-4A249038D0B9}.Debug|x86.Build.0 = Debug|Any CPU
		{35017FC7-084A-4E37-84C8-4A249038D0B9}.Release|Any CPU.ActiveCfg = Release|Any CPU
		{35017FC7-084A-4E37-84C8-4A249038D0B9}.Release|Any CPU.Build.0 = Release|Any CPU
		{35017FC7-084A-4E37-84C8-4A249038D0B9}.Release|ARM.ActiveCfg = Release|Any CPU
		{35017FC7-084A-4E37-84C8-4A249038D0B9}.Release|ARM.Build.0 = Release|Any CPU
		{35017FC7-084A-4E37-84C8-4A249038D0B9}.Release|x64.ActiveCfg = Release|Any CPU
		{35017FC7-084A-4E37-84C8-4A249038D0B9}.Release|x64.Build.0 = Release|Any CPU
		{35017FC7-084A-4E37-84C8-4A249038D0B9}.Release|x86.ActiveCfg = Release|Any CPU
		{35017FC7-084A-4E37-84C8-4A249038D0B9}.Release|x86.Build.0 = Release|Any CPU
		{C49EC580-0EE7-43BC-8F45-971E75BECDC0}.Debug|Any CPU.ActiveCfg = Debug|Any CPU
		{C49EC580-0EE7-43BC-8F45-971E75BECDC0}.Debug|Any CPU.Build.0 = Debug|Any CPU
		{C49EC580-0EE7-43BC-8F45-971E75BECDC0}.Debug|ARM.ActiveCfg = Debug|Any CPU
		{C49EC580-0EE7-43BC-8F45-971E75BECDC0}.Debug|ARM.Build.0 = Debug|Any CPU
		{C49EC580-0EE7-43BC-8F45-971E75BECDC0}.Debug|x64.ActiveCfg = Debug|Any CPU
		{C49EC580-0EE7-43BC-8F45-971E75BECDC0}.Debug|x64.Build.0 = Debug|Any CPU
		{C49EC580-0EE7-43BC-8F45-971E75BECDC0}.Debug|x86.ActiveCfg = Debug|Any CPU
		{C49EC580-0EE7-43BC-8F45-971E75BECDC0}.Debug|x86.Build.0 = Debug|Any CPU
		{C49EC580-0EE7-43BC-8F45-971E75BECDC0}.Release|Any CPU.ActiveCfg = Release|Any CPU
		{C49EC580-0EE7-43BC-8F45-971E75BECDC0}.Release|Any CPU.Build.0 = Release|Any CPU
		{C49EC580-0EE7-43BC-8F45-971E75BECDC0}.Release|ARM.ActiveCfg = Release|Any CPU
		{C49EC580-0EE7-43BC-8F45-971E75BECDC0}.Release|ARM.Build.0 = Release|Any CPU
		{C49EC580-0EE7-43BC-8F45-971E75BECDC0}.Release|x64.ActiveCfg = Release|Any CPU
		{C49EC580-0EE7-43BC-8F45-971E75BECDC0}.Release|x64.Build.0 = Release|Any CPU
		{C49EC580-0EE7-43BC-8F45-971E75BECDC0}.Release|x86.ActiveCfg = Release|Any CPU
		{C49EC580-0EE7-43BC-8F45-971E75BECDC0}.Release|x86.Build.0 = Release|Any CPU
		{51D0FECB-262E-4E2D-8A5C-1D8F59AECB54}.Debug|Any CPU.ActiveCfg = Debug|Any CPU
		{51D0FECB-262E-4E2D-8A5C-1D8F59AECB54}.Debug|Any CPU.Build.0 = Debug|Any CPU
		{51D0FECB-262E-4E2D-8A5C-1D8F59AECB54}.Debug|ARM.ActiveCfg = Debug|Any CPU
		{51D0FECB-262E-4E2D-8A5C-1D8F59AECB54}.Debug|ARM.Build.0 = Debug|Any CPU
		{51D0FECB-262E-4E2D-8A5C-1D8F59AECB54}.Debug|x64.ActiveCfg = Debug|Any CPU
		{51D0FECB-262E-4E2D-8A5C-1D8F59AECB54}.Debug|x64.Build.0 = Debug|Any CPU
		{51D0FECB-262E-4E2D-8A5C-1D8F59AECB54}.Debug|x86.ActiveCfg = Debug|Any CPU
		{51D0FECB-262E-4E2D-8A5C-1D8F59AECB54}.Debug|x86.Build.0 = Debug|Any CPU
		{51D0FECB-262E-4E2D-8A5C-1D8F59AECB54}.Release|Any CPU.ActiveCfg = Release|Any CPU
		{51D0FECB-262E-4E2D-8A5C-1D8F59AECB54}.Release|Any CPU.Build.0 = Release|Any CPU
		{51D0FECB-262E-4E2D-8A5C-1D8F59AECB54}.Release|ARM.ActiveCfg = Release|Any CPU
		{51D0FECB-262E-4E2D-8A5C-1D8F59AECB54}.Release|ARM.Build.0 = Release|Any CPU
		{51D0FECB-262E-4E2D-8A5C-1D8F59AECB54}.Release|x64.ActiveCfg = Release|Any CPU
		{51D0FECB-262E-4E2D-8A5C-1D8F59AECB54}.Release|x64.Build.0 = Release|Any CPU
		{51D0FECB-262E-4E2D-8A5C-1D8F59AECB54}.Release|x86.ActiveCfg = Release|Any CPU
		{51D0FECB-262E-4E2D-8A5C-1D8F59AECB54}.Release|x86.Build.0 = Release|Any CPU
	EndGlobalSection
	GlobalSection(SolutionProperties) = preSolution
		HideSolutionNode = FALSE
	EndGlobalSection
	GlobalSection(NestedProjects) = preSolution
		{A8BA1066-5695-4D71-ABB4-65E5A5E0C3D4} = {EA8039B7-FF3E-4FEF-89A1-FF846B231484}
		{35017FC7-084A-4E37-84C8-4A249038D0B9} = {7BD23001-A061-4FA3-B23F-C6F0E5745257}
		{C49EC580-0EE7-43BC-8F45-971E75BECDC0} = {7BD23001-A061-4FA3-B23F-C6F0E5745257}
		{51D0FECB-262E-4E2D-8A5C-1D8F59AECB54} = {755D5E35-F760-45F2-A549-F24D3C999957}
	EndGlobalSection
EndGlobal
